PODS:
  - RongCloudIM/IMKit (4.0.4):
    - RongCloudIM/IMLib
  - RongCloudIM/IMLib (4.0.4)
  - RongCloudRTC (4.0.4.1):
    - RongCloudRTC/RongCallKit (= 4.0.4.1)
    - RongCloudRTC/RongCallLib (= 4.0.4.1)
  - RongCloudRTC/RongCallKit (4.0.4.1):
    - RongCloudIM/IMKit (~> 4.0.4)
    - RongCloudIM/IMLib (~> 4.0.4)
    - RongCloudRTC/RongCallLib
  - RongCloudRTC/RongCallLib (4.0.4.1):
    - RongCloudIM/IMLib (~> 4.0.4)

DEPENDENCIES:
  - RongCloudRTC

SPEC REPOS:
  trunk:
    - RongCloudIM
    - RongCloudRTC

SPEC CHECKSUMS:
  RongCloudIM: a5a16c43207e9bfbd0d5843fca97d27ab309762d
  RongCloudRTC: 41a028eac192c8fd8cf74e8c77b87f5849caee21

PODFILE CHECKSUM: e81c392390de9a6f17e8589722ea5f83236c05ad

COCOAPODS: 1.10.0
